<?xml version="1.0" encoding="utf-8"?>
<Project ToolsVersion="4.0" xmlns="http://schemas.microsoft.com/developer/msbuild/2003">
  <ItemGroup>
    <Filter Include="ソース ファイル">
      <UniqueIdentifier>{4FC737F1-C7A5-4376-A066-2A32D752A2FF}</UniqueIdentifier>
      <Extensions>cpp;c;cc;cxx;def;odl;idl;hpj;bat;asm;asmx</Extensions>
    </Filter>
    <Filter Include="ヘッダー ファイル">
      <UniqueIdentifier>{93995380-89BD-4b04-88EB-625FBE52EBFB}</UniqueIdentifier>
      <Extensions>h;hpp;hxx;hm;inl;inc;xsd</Extensions>
    </Filter>
    <Filter Include="リソース ファイル">
      <UniqueIdentifier>{67DA6AB6-F800-4c08-8B7A-83BB121AAD01}</UniqueIdentifier>
      <Extensions>rc;ico;cur;bmp;dlg;rc2;rct;bin;rgs;gif;jpg;jpeg;jpe;resx;tiff;tif;png;wav;mfcribbon-ms</Extensions>
    </Filter>
    <Filter Include="ヘッダー ファイル\GL">
      <UniqueIdentifier>{f8b0deb5-354b-43cc-b533-eb65302046b7}</UniqueIdentifier>
    </Filter>
    <Filter Include="ヘッダー ファイル\libraries">
      <UniqueIdentifier>{20e881f6-cd33-4c87-aa82-8757fd06e9b9}</UniqueIdentifier>
    </Filter>
  </ItemGroup>
  <ItemGroup>
    <ClCompile Include="GLUT_Core.c">
      <Filter>ソース ファイル</Filter>
    </ClCompile>
    <ClCompile Include="GLUT_Model.c">
      <Filter>ソース ファイル</Filter>
    </ClCompile>
    <ClCompile Include="GLUT_Texture.c">
      <Filter>ソース ファイル</Filter>
    </ClCompile>
    <ClCompile Include="main_simple.c">
      <Filter>ソース ファイル</Filter>
    </ClCompile>
    <ClCompile Include="MathToolkit.c">
      <Filter>ソース ファイル</Filter>
    </ClCompile>
    <ClCompile Include="Quaternion.c">
      <Filter>ソース ファイル</Filter>
    </ClCompile>
    <ClCompile Include="Sleep.c">
      <Filter>ソース ファイル</Filter>
    </ClCompile>
  </ItemGroup>
  <ItemGroup>
    <ClInclude Include="Boolean.h">
      <Filter>ヘッダー ファイル</Filter>
    </ClInclude>
    <ClInclude Include="ColorSamples.h">
      <Filter>ヘッダー ファイル</Filter>
    </ClInclude>
    <ClInclude Include="GLUT_Core.h">
      <Filter>ヘッダー ファイル</Filter>
    </ClInclude>
    <ClInclude Include="GLUT_Model.h">
      <Filter>ヘッダー ファイル</Filter>
    </ClInclude>
    <ClInclude Include="GLUT_Texture.h">
      <Filter>ヘッダー ファイル</Filter>
    </ClInclude>
    <ClInclude Include="KillFuckingWinMacro.h">
      <Filter>ヘッダー ファイル</Filter>
    </ClInclude>
    <ClInclude Include="MathToolkit.h">
      <Filter>ヘッダー ファイル</Filter>
    </ClInclude>
    <ClInclude Include="Quaternion.h">
      <Filter>ヘッダー ファイル</Filter>
    </ClInclude>
    <ClInclude Include="Sleep.h">
      <Filter>ヘッダー ファイル</Filter>
    </ClInclude>
    <ClInclude Include="GL\freeglut.h">
      <Filter>ヘッダー ファイル\GL</Filter>
    </ClInclude>
    <ClInclude Include="GL\freeglut_ext.h">
      <Filter>ヘッダー ファイル\GL</Filter>
    </ClInclude>
    <ClInclude Include="GL\freeglut_std.h">
      <Filter>ヘッダー ファイル\GL</Filter>
    </ClInclude>
    <ClInclude Include="GL\glcorearb.h">
      <Filter>ヘッダー ファイル\GL</Filter>
    </ClInclude>
    <ClInclude Include="GL\glext.h">
      <Filter>ヘッダー ファイル\GL</Filter>
    </ClInclude>
    <ClInclude Include="GL\glut.h">
      <Filter>ヘッダー ファイル\GL</Filter>
    </ClInclude>
    <ClInclude Include="GL\wglext.h">
      <Filter>ヘッダー ファイル\GL</Filter>
    </ClInclude>
    <ClInclude Include="libraries\stb_image.h">
      <Filter>ヘッダー ファイル\libraries</Filter>
    </ClInclude>
    <ClInclude Include="libraries\tinyobj_loader_c.h">
      <Filter>ヘッダー ファイル\libraries</Filter>
    </ClInclude>
    <ClInclude Include="ActiveBlock_LotateDefine.h">
      <Filter>ヘッダー ファイル</Filter>
    </ClInclude>
  </ItemGroup>
  <ItemGroup>
    <Library Include="freeglut.lib">
      <Filter>リソース ファイル</Filter>
    </Library>
    <Library Include="glext.lib">
      <Filter>リソース ファイル</Filter>
    </Library>
  </ItemGroup>
</Project>